// !$*UTF8*$!
{
	archiveVersion = 1;
	classes = {
	};
	objectVersion = 46;
	objects = {

/* Begin PBXBuildFile section */
		BED911BF1D90096000C5B205 /* AppDelegate.swift in Sources */ = {isa = PBXBuildFile; fileRef = BED911BE1D90096000C5B205 /* AppDelegate.swift */; };
		BED911C11D90096000C5B205 /* ViewController.swift in Sources */ = {isa = PBXBuildFile; fileRef = BED911C01D90096000C5B205 /* ViewController.swift */; };
		BED911C41D90096000C5B205 /* Main.storyboard in Resources */ = {isa = PBXBuildFile; fileRef = BED911C21D90096000C5B205 /* Main.storyboard */; };
		BED911C61D90096000C5B205 /* Assets.xcassets in Resources */ = {isa = PBXBuildFile; fileRef = BED911C51D90096000C5B205 /* Assets.xcassets */; };
		BED911C91D90096000C5B205 /* LaunchScreen.storyboard in Resources */ = {isa = PBXBuildFile; fileRef = BED911C71D90096000C5B205 /* LaunchScreen.storyboard */; };
/* End PBXBuildFile section */

/* Begin PBXFileReference section */
		BED911BB1D90096000C5B205 /* Swift assess 1.app */ = {isa = PBXFileReference; explicitFileType = wrapper.application; includeInIndex = 0; path = "Swift assess 1.app"; sourceTree = BUILT_PRODUCTS_DIR; };
		BED911BE1D90096000C5B205 /* AppDelegate.swift */ = {isa = PBXFileReference; lastKnownFileType = sourcecode.swift; path = AppDelegate.swift; sourceTree = "<group>"; };
		BED911C01D90096000C5B205 /* ViewController.swift */ = {isa = PBXFileReference; lastKnownFileType = sourcecode.swift; path = ViewController.swift; sourceTree = "<group>"; };
		BED911C31D90096000C5B205 /* Base */ = {isa = PBXFileReference; lastKnownFileType = file.storyboard; name = Base; path = Base.lproj/Main.storyboard; sourceTree = "<group>"; };
		BED911C51D90096000C5B205 /* Assets.xcassets */ = {isa = PBXFileReference; lastKnownFileType = folder.assetcatalog; path = Assets.xcassets; sourceTree = "<group>"; };
		BED911C81D90096000C5B205 /* Base */ = {isa = PBXFileReference; lastKnownFileType = file.storyboard; name = Base; path = Base.lproj/LaunchScreen.storyboard; sourceTree = "<group>"; };
		BED911CA1D90096000C5B205 /* Info.plist */ = {isa = PBXFileReference; lastKnownFileType = text.plist.xml; path = Info.plist; sourceTree = "<group>"; };
/* End PBXFileReference section */

/* Begin PBXFrameworksBuildPhase section */
		BED911B81D90096000C5B205 /* Frameworks */ = {
			isa = PBXFrameworksBuildPhase;
			buildActionMask = 2147483647;
			files = (
			);
			runOnlyForDeploymentPostprocessing = 0;
		};
/* End PBXFrameworksBuildPhase section */

/* Begin PBXGroup section */
		BED911B21D90096000C5B205 = {
			isa = PBXGroup;
			children = (
				BED911BD1D90096000C5B205 /* Swift assess 1 */,
				BED911BC1D90096000C5B205 /* Products */,
			);
			sourceTree = "<group>";
		};
		BED911BC1D90096000C5B205 /* Products */ = {
			isa = PBXGroup;
			children = (
				BED911BB1D90096000C5B205 /* Swift assess 1.app */,
			);
			name = Products;
			sourceTree = "<group>";
		};
		BED911BD1D90096000C5B205 /* Swift assess 1 */ = {
			isa = PBXGroup;
			children = (
				BED911BE1D90096000C5B205 /* AppDelegate.swift */,
				BED911C01D90096000C5B205 /* ViewController.swift */,
				BED911C21D90096000C5B205 /* Main.storyboard */,
				BED911C51D90096000C5B205 /* Assets.xcassets */,
				BED911C71D90096000C5B205 /* LaunchScreen.storyboard */,
				BED911CA1D90096000C5B205 /* Info.plist */,
			);
			path = "Swift assess 1";
			sourceTree = "<group>";
		};
/* End PBXGroup section */

/* Begin PBXNativeTarget section */
		BED911BA1D90096000C5B205 /* Swift assess 1 */ = {
			isa = PBXNativeTarget;
			buildConfigurationList = BED911CD1D90096000C5B205 /* Build configuration list for PBXNativeTarget "Swift assess 1" */;
			buildPhases = (
				BED911B71D90096000C5B205 /* Sources */,
				BED911B81D90096000C5B205 /* Frameworks */,
				BED911B91D90096000C5B205 /* Resources */,
			);
			buildRules = (
			);
			dependencies = (
			);
			name = "Swift assess 1";
			productName = "Swift assess 1";
			productReference = BED911BB1D90096000C5B205 /* Swift assess 1.app */;
			productType = "com.apple.product-type.application";
		};
/* End PBXNativeTarget section */

/* Begin PBXProject section */
		BED911B31D90096000C5B205 /* Project object */ = {
			isa = PBXProject;
			attributes = {
				LastSwiftUpdateCheck = 0800;
				LastUpgradeCheck = 0800;
				ORGANIZATIONNAME = BHSRam4;
				TargetAttributes = {
					BED911BA1D90096000C5B205 = {
						CreatedOnToolsVersion = 8.0;
						ProvisioningStyle = Automatic;
					};
				};
			};
			buildConfigurationList = BED911B61D90096000C5B205 /* Build configuration list for PBXProject "Swift assess 1" */;
			compatibilityVersion = "Xcode 3.2";
			developmentRegion = English;
			hasScannedForEncodings = 0;
			knownRegions = (
				en,
				Base,
			);
			mainGroup = BED911B21D90096000C5B205;
			productRefGroup = BED911BC1D90096000C5B205 /* Products */;
			projectDirPath = "";
			projectRoot = "";
			targets = (
				BED911BA1D90096000C5B205 /* Swift assess 1 */,
			);
		};
/* End PBXProject section */

/* Begin PBXResourcesBuildPhase section */
		BED911B91D90096000C5B205 /* Resources */ = {
			isa = PBXResourcesBuildPhase;
			buildActionMask = 2147483647;
			files = (
				BED911C91D90096000C5B205 /* LaunchScreen.storyboard in Resources */,
				BED911C61D90096000C5B205 /* Assets.xcassets in Resources */,
				BED911C41D90096000C5B205 /* Main.storyboard in Resources */,
			);
			runOnlyForDeploymentPostprocessing = 0;
		};
/* End PBXResourcesBuildPhase section */

/* Begin PBXSourcesBuildPhase section */
		BED911B71D90096000C5B205 /* Sources */ = {
			isa = PBXSourcesBuildPhase;
			buildActionMask = 2147483647;
			files = (
				BED911C11D90096000C5B205 /* ViewController.swift in Sources */,
				BED911BF1D90096000C5B205 /* AppDelegate.swift in Sources */,
			);
			runOnlyForDeploymentPostprocessing = 0;
		};
/* End PBXSourcesBuildPhase section */

/* Begin PBXVariantGroup section */
		BED911C21D90096000C5B205 /* Main.storyboard */ = {
			isa = PBXVariantGroup;
			children = (
				BED911C31D90096000C5B205 /* Base */,
			);
			name = Main.storyboard;
			sourceTree = "<group>";
		};
		BED911C71D90096000C5B205 /* LaunchScreen.storyboard */ = {
			isa = PBXVariantGroup;
			children = (
				BED911C81D90096000C5B205 /* Base */,
			);
			name = LaunchScreen.storyboard;
			sourceTree = "<group>";
		};
/* End PBXVariantGroup section */

/* Begin XCBuildConfiguration section */
		BED911CB1D90096000C5B205 /* Debug */ = {
			isa = XCBuildConfiguration;
			buildSettings = {
				ALWAYS_SEARCH_USER_PATHS = NO;
				CLANG_ANALYZER_NONNULL = YES;
				CLANG_CXX_LANGUAGE_STANDARD = "gnu++0x";
				CLANG_CXX_LIBRARY = "libc++";
				CLANG_ENABLE_MODULES = YES;
				CLANG_ENABLE_OBJC_ARC = YES;
				CLANG_WARN_BOOL_CONVERSION = YES;
				CLANG_WARN_CONSTANT_CONVERSION = YES;
				CLANG_WARN_DIRECT_OBJC_ISA_USAGE = YES_ERROR;
				CLANG_WARN_DOCUMENTATION_COMMENTS = YES;
				CLANG_WARN_EMPTY_BODY = YES;
				CLANG_WARN_ENUM_CONVERSION = YES;
				CLANG_WARN_INFINITE_RECURSION = YES;
				CLANG_WARN_INT_CONVERSION = YES;
				CLANG_WARN_OBJC_ROOT_CLASS = YES_ERROR;
				CLANG_WARN_SUSPICIOUS_MOVES = YES;
				CLANG_WARN_UNREACHABLE_CODE = YES;
				CLANG_WARN__DUPLICATE_METHOD_MATCH = YES;
				"CODE_SIGN_IDENTITY[sdk=iphoneos*]" = "iPhone Developer";
				COPY_PHASE_STRIP = NO;
				DEBUG_INFORMATION_FORMAT = dwarf;
				ENABLE_STRICT_OBJC_MSGSEND = YES;
				ENABLE_TESTABILITY = YES;
				GCC_C_LANGUAGE_STANDARD = gnu99;
				GCC_DYNAMIC_NO_PIC = NO;
				GCC_NO_COMMON_BLOCKS = YES;
				GCC_OPTIMIZATION_LEVEL = 0;
				GCC_PREPROCESSOR_DEFINITIONS = (
					"DEBUG=1",
					"$(inherited)",
				);
				GCC_WARN_64_TO_32_BIT_CONVERSION = YES;
				GCC_WARN_ABOUT_RETURN_TYPE = YES_ERROR;
				GCC_WARN_UNDECLARED_SELECTOR = YES;
				GCC_WARN_UNINITIALIZED_AUTOS = YES_AGGRESSIVE;
				GCC_WARN_UNUSED_FUNCTION = YES;
				GCC_WARN_UNUSED_VARIABLE = YES;
				IPHONEOS_DEPLOYMENT_TARGET = 10.0;
				MTL_ENABLE_DEBUG_INFO = YES;
				ONLY_ACTIVE_ARCH = YES;
				SDKROOT = iphoneos;
				SWIFT_ACTIVE_COMPILATION_CONDITIONS = DEBUG;
				SWIFT_OPTIMIZATION_LEVEL = "-Onone";
				TARGETED_DEVICE_FAMILY = "1,2";
			};
			name = Debug;
		};
		BED911CC1D90096000C5B205 /* Release */ = {
			isa = XCBuildConfiguration;
			buildSettings = {
				ALWAYS_SEARCH_USER_PATHS = NO;
				CLANG_ANALYZER_NONNULL = YES;
				CLANG_CXX_LANGUAGE_STANDARD = "gnu++0x";
				CLANG_CXX_LIBRARY = "libc++";
				CLANG_ENABLE_MODULES = YES;
				CLANG_ENABLE_OBJC_ARC = YES;
				CLANG_WARN_BOOL_CONVERSION = YES;
				CLANG_WARN_CONSTANT_CONVERSION = YES;
				CLANG_WARN_DIRECT_OBJC_ISA_USAGE = YES_ERROR;
				CLANG_WARN_DOCUMENTATION_COMMENTS = YES;
				CLANG_WARN_EMPTY_BODY = YES;
				CLANG_WARN_ENUM_CONVERSION = YES;
				CLANG_WARN_INFINITE_RECURSION = YES;
				CLANG_WARN_INT_CONVERSION = YES;
				CLANG_WARN_OBJC_ROOT_CLASS = YES_ERROR;
				CLANG_WARN_SUSPICIOUS_MOVES = YES;
				CLANG_WARN_UNREACHABLE_CODE = YES;
				CLANG_WARN__DUPLICATE_METHOD_MATCH = YES;
				"CODE_SIGN_IDENTITY[sdk=iphoneos*]" = "iPhone Developer";
				COPY_PHASE_STRIP = NO;
				DEBUG_INFORMATION_FORMAT = "dwarf-with-dsym";
				ENABLE_NS_ASSERTIONS = NO;
				ENABLE_STRICT_OBJC_MSGSEND = YES;
				GCC_C_LANGUAGE_STANDARD = gnu99;
				GCC_NO_COMMON_BLOCKS = YES;
				GCC_WARN_64_TO_32_BIT_CONVERSION = YES;
				GCC_WARN_ABOUT_RETURN_TYPE = YES_ERROR;
				GCC_WARN_UNDECLARED_SELECTOR = YES;
				GCC_WARN_UNINITIALIZED_AUTOS = YES_AGGRESSIVE;
				GCC_WARN_UNUSED_FUNCTION = YES;
				GCC_WARN_UNUSED_VARIABLE = YES;
				IPHONEOS_DEPLOYMENT_TARGET = 10.0;
				MTL_ENABLE_DEBUG_INFO = NO;
				SDKROOT = iphoneos;
				SWIFT_OPTIMIZATION_LEVEL = "-Owholemodule";
				TARGETED_DEVICE_FAMILY = "1,2";
				VALIDATE_PRODUCT = YES;
			};
			name = Release;
		};
		BED911CE1D90096000C5B205 /* Debug */ = {
			isa = XCBuildConfiguration;
			buildSettings = {
				ASSETCATALOG_COMPILER_APPICON_NAME = AppIcon;
				INFOPLIST_FILE = "Swift assess 1/Info.plist";
				LD_RUNPATH_SEARCH_PATHS = "$(inherited) @executable_path/Frameworks";
				PRODUCT_BUNDLE_IDENTIFIER = "org.BadinHS.Swift-assess-1";
				PRODUCT_NAME = "$(TARGET_NAME)";
				SWIFT_VERSION = 3.0;
			};
			name = Debug;
		};
		BED911CF1D90096000C5B205 /* Release */ = {
			isa = XCBuildConfiguration;
			buildSettings = {
				ASSETCATALOG_COMPILER_APPICON_NAME = AppIcon;
				INFOPLIST_FILE = "Swift assess 1/Info.plist";
				LD_RUNPATH_SEARCH_PATHS = "$(inherited) @executable_path/Frameworks";
				PRODUCT_BUNDLE_IDENTIFIER = "org.BadinHS.Swift-assess-1";
				PRODUCT_NAME = "$(TARGET_NAME)";
				SWIFT_VERSION = 3.0;
			};
			name = Release;
		};
/* End XCBuildConfiguration section */

/* Begin XCConfigurationList section */
		BED911B61D90096000C5B205 /* Build configuration list for PBXProject "Swift assess 1" */ = {
			isa = XCConfigurationList;
			buildConfigurations = (
				BED911CB1D90096000C5B205 /* Debug */,
				BED911CC1D90096000C5B205 /* Release */,
			);
			defaultConfigurationIsVisible = 0;
			defaultConfigurationName = Release;
		};
		BED911CD1D90096000C5B205 /* Build configuration list for PBXNativeTarget "Swift assess 1" */ = {
			isa = XCConfigurationList;
			buildConfigurations = (
				BED911CE1D90096000C5B205 /* Debug */,
				BED911CF1D90096000C5B205 /* Release */,
			);
			defaultConfigurationIsVisible = 0;
		};
/* End XCConfigurationList section */
	};
	rootObject = BED911B31D90096000C5B205 /* Project object */;
}
